PODS:
  - AVOAccelaImage (0.1.0)

DEPENDENCIES:
  - AVOAccelaImage (from `https://github.com/AvocadoCorp/AVOAccelaImage.git`)

EXTERNAL SOURCES:
  AVOAccelaImage:
    :git: https://github.com/AvocadoCorp/AVOAccelaImage.git

SPEC CHECKSUMS:
  AVOAccelaImage: ead8bdc2b7f1f92b9f113b7555ce6fe2252ed3ad

COCOAPODS: 0.33.1
